<Solution>
  <Project Path="src/Dyract.Core/Dyract.Core.csproj" />
  <Project Path="src/Dyract.Crypto/Dyract.Crypto.csproj" />
  <Project Path="src/Dyract.Protocol/Dyract.Protocol.csproj" />
  <Project Path="src/Dyract.Client/Dyract.Client.csproj" />
  <Project Path="src/Dyract.Transport/Dyract.Transport.csproj" />
  <Project Path="experiments/Dyract.Transport.FsWebRtcProbe/Dyract.Transport.FsWebRtcProbe.csproj" />
  <Project Path="experiments/Dyract.Transport.AndroidHarness/Dyract.Transport.AndroidHarness.csproj" />
</Solution>
